# THIS IS AN AUTOGENERATED FILE. DO NOT EDIT THIS FILE DIRECTLY.
# yarn lockfile v1


"@ahooksjs/use-request@^2.8.4":
  version "2.8.4"
  resolved "https://registry.yarnpkg.com/@ahooksjs/use-request/-/use-request-2.8.4.tgz#c404dce2c984f1ce8573e6577582cc9656a71e37"
  integrity sha512-Ht3XHIKL6TCNmXtgWovpDZaN9bzdZkZLNDewOwipzLwhVhhVCBeWAP6b3UFygLJAPzDF+OhJs3XJmDRVfO6r6Q==
  dependencies:
    lodash.debounce "^4.0.8"
    lodash.throttle "^4.1.1"

"@types/js-cookie@^2.2.6":
  version "2.2.6"
  resolved "https://registry.yarnpkg.com/@types/js-cookie/-/js-cookie-2.2.6.tgz#f1a1cb35aff47bc5cfb05cb0c441ca91e914c26f"
  integrity sha512-+oY0FDTO2GYKEV0YPvSshGq9t7YozVkgvXLty7zogQNuCxBhT9/3INX9Q7H1aRZ4SUDRXAKlJuA4EA5nTt7SNw==

ahooks@^2.10.0:
  version "2.10.0"
  resolved "https://registry.yarnpkg.com/ahooks/-/ahooks-2.10.0.tgz#bec2c0b928115afd6d268e67770146988347675c"
  integrity sha512-+aq+n+wTLuRZ4oD4iWQbQEYTnAqjhvUjYFWPs8xTxyD2k/mDAZuvAyLrgYOb7Qyn19Bl0Rdxh8M62oBYcBDckQ==
  dependencies:
    "@ahooksjs/use-request" "^2.8.4"
    "@types/js-cookie" "^2.2.6"
    dayjs "^1.9.1"
    intersection-observer "^0.7.0"
    js-cookie "^2.2.1"
    lodash.debounce "^4.0.8"
    lodash.isequal "^4.5.0"
    lodash.throttle "^4.1.1"
    resize-observer-polyfill "^1.5.1"
    screenfull "^5.0.0"

dayjs@^1.9.1:
  version "1.10.4"
  resolved "https://registry.yarnpkg.com/dayjs/-/dayjs-1.10.4.tgz#8e544a9b8683f61783f570980a8a80eaf54ab1e2"
  integrity sha512-RI/Hh4kqRc1UKLOAf/T5zdMMX5DQIlDxwUe3wSyMMnEbGunnpENCdbUgM+dW7kXidZqCttBrmw7BhN4TMddkCw==

intersection-observer@^0.7.0:
  version "0.7.0"
  resolved "https://registry.yarnpkg.com/intersection-observer/-/intersection-observer-0.7.0.tgz#ee16bee978db53516ead2f0a8154b09b400bbdc9"
  integrity sha512-Id0Fij0HsB/vKWGeBe9PxeY45ttRiBmhFyyt/geBdDHBYNctMRTE3dC1U3ujzz3lap+hVXlEcVaB56kZP/eEUg==

js-cookie@^2.2.1:
  version "2.2.1"
  resolved "https://registry.yarnpkg.com/js-cookie/-/js-cookie-2.2.1.tgz#69e106dc5d5806894562902aa5baec3744e9b2b8"
  integrity sha512-HvdH2LzI/EAZcUwA8+0nKNtWHqS+ZmijLA30RwZA0bo7ToCckjK5MkGhjED9KoRcXO6BaGI3I9UIzSA1FKFPOQ==

lodash.debounce@^4.0.8:
  version "4.0.8"
  resolved "https://registry.yarnpkg.com/lodash.debounce/-/lodash.debounce-4.0.8.tgz#82d79bff30a67c4005ffd5e2515300ad9ca4d7af"
  integrity sha1-gteb/zCmfEAF/9XiUVMArZyk168=

lodash.isequal@^4.5.0:
  version "4.5.0"
  resolved "https://registry.yarnpkg.com/lodash.isequal/-/lodash.isequal-4.5.0.tgz#415c4478f2bcc30120c22ce10ed3226f7d3e18e0"
  integrity sha1-QVxEePK8wwEgwizhDtMib30+GOA=

lodash.throttle@^4.1.1:
  version "4.1.1"
  resolved "https://registry.yarnpkg.com/lodash.throttle/-/lodash.throttle-4.1.1.tgz#c23e91b710242ac70c37f1e1cda9274cc39bf2f4"
  integrity sha1-wj6RtxAkKscMN/HhzaknTMOb8vQ=

resize-observer-polyfill@^1.5.1:
  version "1.5.1"
  resolved "https://registry.yarnpkg.com/resize-observer-polyfill/-/resize-observer-polyfill-1.5.1.tgz#0e9020dd3d21024458d4ebd27e23e40269810464"
  integrity sha512-LwZrotdHOo12nQuZlHEmtuXdqGoOD0OhaxopaNFxWzInpEgaLWoVuAMbTzixuosCx2nEG58ngzW3vxdWoxIgdg==

screenfull@^5.0.0:
  version "5.1.0"
  resolved "https://registry.yarnpkg.com/screenfull/-/screenfull-5.1.0.tgz#85c13c70f4ead4c1b8a935c70010dfdcd2c0e5c8"
  integrity sha512-dYaNuOdzr+kc6J6CFcBrzkLCfyGcMg+gWkJ8us93IQ7y1cevhQAugFsaCdMHb6lw8KV3xPzSxzH7zM1dQap9mA==
